
Microsoft Visual Studio Solution File, Format Version 12.00
# Visual Studio Version 17
VisualStudioVersion = 17.0.0.0
MinimumVisualStudioVersion = 10.0.40219.1
Project("{FAE04EC0-301F-11D3-BF4B-00C04F79EFBC}") = "AprVisual", "src\AprVisual.Deprecated\AprVisual.csproj", "{6F9B1A2C-3D4E-4A5B-8C7D-0E1F2A3B4C5D}"
EndProject
Project("{FAE04EC0-301F-11D3-BF4B-00C04F79EFBC}") = "AprVisual.S1", "src\AprVisual.S1\AprVisual.S1.csproj", "{8C2A4D7E-9B1F-4E3A-A6D8-2F5B7C1E4D9A}"
EndProject
Project("{FAE04EC0-301F-11D3-BF4B-00C04F79EFBC}") = "AprVisual.S1A", "src\AprVisual.S1A\AprVisual.S1A.csproj", "{5A1AF0DE-2026-4717-B01A-1C3000000001}"
EndProject
Project("{FAE04EC0-301F-11D3-BF4B-00C04F79EFBC}") = "AprVisual.S2", "src\AprVisual.S2\AprVisual.S2.csproj", "{A257E819-745B-4A77-85FF-B98204E1AED3}"
EndProject
Project("{2150E333-8FDC-42A3-9474-1A3956D46DE8}") = "src", "src", "{827E0CD3-B72D-47B6-A68D-7590B98EB39B}"
EndProject
Project("{FAE04EC0-301F-11D3-BF4B-00C04F79EFBC}") = "AprVisual.etc", "src\AprVisual.etc\AprVisual.etc.csproj", "{AEC32925-B61D-48EB-BA0F-EFEEE92A76EC}"
EndProject
Global
	GlobalSection(SolutionConfigurationPlatforms) = preSolution
		Debug|x64 = Debug|x64
		Debug|Any CPU = Debug|Any CPU
		Debug|x86 = Debug|x86
		Release|x64 = Release|x64
		Release|Any CPU = Release|Any CPU
		Release|x86 = Release|x86
	EndGlobalSection
	GlobalSection(ProjectConfigurationPlatforms) = postSolution
		{6F9B1A2C-3D4E-4A5B-8C7D-0E1F2A3B4C5D}.Debug|x64.ActiveCfg = Debug|x64
		{6F9B1A2C-3D4E-4A5B-8C7D-0E1F2A3B4C5D}.Debug|x64.Build.0 = Debug|x64
		{6F9B1A2C-3D4E-4A5B-8C7D-0E1F2A3B4C5D}.Debug|Any CPU.ActiveCfg = Debug|Any CPU
		{6F9B1A2C-3D4E-4A5B-8C7D-0E1F2A3B4C5D}.Debug|Any CPU.Build.0 = Debug|Any CPU
		{6F9B1A2C-3D4E-4A5B-8C7D-0E1F2A3B4C5D}.Debug|x86.ActiveCfg = Debug|Any CPU
		{6F9B1A2C-3D4E-4A5B-8C7D-0E1F2A3B4C5D}.Debug|x86.Build.0 = Debug|Any CPU
		{6F9B1A2C-3D4E-4A5B-8C7D-0E1F2A3B4C5D}.Release|x64.ActiveCfg = Release|x64
		{6F9B1A2C-3D4E-4A5B-8C7D-0E1F2A3B4C5D}.Release|x64.Build.0 = Release|x64
		{6F9B1A2C-3D4E-4A5B-8C7D-0E1F2A3B4C5D}.Release|Any CPU.ActiveCfg = Release|Any CPU
		{6F9B1A2C-3D4E-4A5B-8C7D-0E1F2A3B4C5D}.Release|Any CPU.Build.0 = Release|Any CPU
		{6F9B1A2C-3D4E-4A5B-8C7D-0E1F2A3B4C5D}.Release|x86.ActiveCfg = Release|Any CPU
		{6F9B1A2C-3D4E-4A5B-8C7D-0E1F2A3B4C5D}.Release|x86.Build.0 = Release|Any CPU
		{8C2A4D7E-9B1F-4E3A-A6D8-2F5B7C1E4D9A}.Debug|x64.ActiveCfg = Debug|x64
		{8C2A4D7E-9B1F-4E3A-A6D8-2F5B7C1E4D9A}.Debug|x64.Build.0 = Debug|x64
		{8C2A4D7E-9B1F-4E3A-A6D8-2F5B7C1E4D9A}.Debug|Any CPU.ActiveCfg = Debug|Any CPU
		{8C2A4D7E-9B1F-4E3A-A6D8-2F5B7C1E4D9A}.Debug|Any CPU.Build.0 = Debug|Any CPU
		{8C2A4D7E-9B1F-4E3A-A6D8-2F5B7C1E4D9A}.Debug|x86.ActiveCfg = Debug|Any CPU
		{8C2A4D7E-9B1F-4E3A-A6D8-2F5B7C1E4D9A}.Debug|x86.Build.0 = Debug|Any CPU
		{8C2A4D7E-9B1F-4E3A-A6D8-2F5B7C1E4D9A}.Release|x64.ActiveCfg = Release|x64
		{8C2A4D7E-9B1F-4E3A-A6D8-2F5B7C1E4D9A}.Release|x64.Build.0 = Release|x64
		{8C2A4D7E-9B1F-4E3A-A6D8-2F5B7C1E4D9A}.Release|Any CPU.ActiveCfg = Release|Any CPU
		{8C2A4D7E-9B1F-4E3A-A6D8-2F5B7C1E4D9A}.Release|Any CPU.Build.0 = Release|Any CPU
		{8C2A4D7E-9B1F-4E3A-A6D8-2F5B7C1E4D9A}.Release|x86.ActiveCfg = Release|Any CPU
		{8C2A4D7E-9B1F-4E3A-A6D8-2F5B7C1E4D9A}.Release|x86.Build.0 = Release|Any CPU
		{5A1AF0DE-2026-4717-B01A-1C3000000001}.Debug|x64.ActiveCfg = Debug|x64
		{5A1AF0DE-2026-4717-B01A-1C3000000001}.Debug|x64.Build.0 = Debug|x64
		{5A1AF0DE-2026-4717-B01A-1C3000000001}.Debug|Any CPU.ActiveCfg = Debug|Any CPU
		{5A1AF0DE-2026-4717-B01A-1C3000000001}.Debug|Any CPU.Build.0 = Debug|Any CPU
		{5A1AF0DE-2026-4717-B01A-1C3000000001}.Debug|x86.ActiveCfg = Debug|Any CPU
		{5A1AF0DE-2026-4717-B01A-1C3000000001}.Debug|x86.Build.0 = Debug|Any CPU
		{5A1AF0DE-2026-4717-B01A-1C3000000001}.Release|x64.ActiveCfg = Release|x64
		{5A1AF0DE-2026-4717-B01A-1C3000000001}.Release|x64.Build.0 = Release|x64
		{5A1AF0DE-2026-4717-B01A-1C3000000001}.Release|Any CPU.ActiveCfg = Release|Any CPU
		{5A1AF0DE-2026-4717-B01A-1C3000000001}.Release|Any CPU.Build.0 = Release|Any CPU
		{5A1AF0DE-2026-4717-B01A-1C3000000001}.Release|x86.ActiveCfg = Release|Any CPU
		{5A1AF0DE-2026-4717-B01A-1C3000000001}.Release|x86.Build.0 = Release|Any CPU
		{A257E819-745B-4A77-85FF-B98204E1AED3}.Debug|x64.ActiveCfg = Debug|x64
		{A257E819-745B-4A77-85FF-B98204E1AED3}.Debug|x64.Build.0 = Debug|x64
		{A257E819-745B-4A77-85FF-B98204E1AED3}.Debug|Any CPU.ActiveCfg = Debug|Any CPU
		{A257E819-745B-4A77-85FF-B98204E1AED3}.Debug|Any CPU.Build.0 = Debug|Any CPU
		{A257E819-745B-4A77-85FF-B98204E1AED3}.Debug|x86.ActiveCfg = Debug|Any CPU
		{A257E819-745B-4A77-85FF-B98204E1AED3}.Debug|x86.Build.0 = Debug|Any CPU
		{A257E819-745B-4A77-85FF-B98204E1AED3}.Release|x64.ActiveCfg = Release|x64
		{A257E819-745B-4A77-85FF-B98204E1AED3}.Release|x64.Build.0 = Release|x64
		{A257E819-745B-4A77-85FF-B98204E1AED3}.Release|Any CPU.ActiveCfg = Release|Any CPU
		{A257E819-745B-4A77-85FF-B98204E1AED3}.Release|Any CPU.Build.0 = Release|Any CPU
		{A257E819-745B-4A77-85FF-B98204E1AED3}.Release|x86.ActiveCfg = Release|Any CPU
		{A257E819-745B-4A77-85FF-B98204E1AED3}.Release|x86.Build.0 = Release|Any CPU
		{AEC32925-B61D-48EB-BA0F-EFEEE92A76EC}.Debug|x64.ActiveCfg = Debug|x64
		{AEC32925-B61D-48EB-BA0F-EFEEE92A76EC}.Debug|x64.Build.0 = Debug|x64
		{AEC32925-B61D-48EB-BA0F-EFEEE92A76EC}.Debug|Any CPU.ActiveCfg = Debug|x64
		{AEC32925-B61D-48EB-BA0F-EFEEE92A76EC}.Debug|Any CPU.Build.0 = Debug|x64
		{AEC32925-B61D-48EB-BA0F-EFEEE92A76EC}.Debug|x86.ActiveCfg = Debug|x64
		{AEC32925-B61D-48EB-BA0F-EFEEE92A76EC}.Debug|x86.Build.0 = Debug|x64
		{AEC32925-B61D-48EB-BA0F-EFEEE92A76EC}.Release|x64.ActiveCfg = Release|x64
		{AEC32925-B61D-48EB-BA0F-EFEEE92A76EC}.Release|x64.Build.0 = Release|x64
		{AEC32925-B61D-48EB-BA0F-EFEEE92A76EC}.Release|Any CPU.ActiveCfg = Release|x64
		{AEC32925-B61D-48EB-BA0F-EFEEE92A76EC}.Release|Any CPU.Build.0 = Release|x64
		{AEC32925-B61D-48EB-BA0F-EFEEE92A76EC}.Release|x86.ActiveCfg = Release|x64
		{AEC32925-B61D-48EB-BA0F-EFEEE92A76EC}.Release|x86.Build.0 = Release|x64
	EndGlobalSection
	GlobalSection(SolutionProperties) = preSolution
		HideSolutionNode = FALSE
	EndGlobalSection
	GlobalSection(NestedProjects) = preSolution
		{AEC32925-B61D-48EB-BA0F-EFEEE92A76EC} = {827E0CD3-B72D-47B6-A68D-7590B98EB39B}
	EndGlobalSection
EndGlobal
